
Microsoft Visual Studio Solution File, Format Version 12.00
# Visual Studio Version 17
VisualStudioVersion = 17.10.35013.160
MinimumVisualStudioVersion = 10.0.40219.1
Project("{FAE04EC0-301F-11D3-BF4B-00C04F79EFBC}") = "dog", "UART2\dog.csproj", "{3F595A67-99CA-4B17-8CBA-CA26BA1C59B9}"
EndProject
Global
	GlobalSection(SolutionConfigurationPlatforms) = preSolution
		Debug|Any CPU = Debug|Any CPU
		Release|Any CPU = Release|Any CPU
	EndGlobalSection
	GlobalSection(ProjectConfigurationPlatforms) = postSolution
		{3F595A67-99CA-4B17-8CBA-CA26BA1C59B9}.Debug|Any CPU.ActiveCfg = Debug|Any CPU
		{3F595A67-99CA-4B17-8CBA-CA26BA1C59B9}.Debug|Any CPU.Build.0 = Debug|Any CPU
		{3F595A67-99CA-4B17-8CBA-CA26BA1C59B9}.Release|Any CPU.ActiveCfg = Release|Any CPU
		{3F595A67-99CA-4B17-8CBA-CA26BA1C59B9}.Release|Any CPU.Build.0 = Release|Any CPU
	EndGlobalSection
	GlobalSection(SolutionProperties) = preSolution
		HideSolutionNode = FALSE
	EndGlobalSection
	GlobalSection(ExtensibilityGlobals) = postSolution
		SolutionGuid = {40FB2DC9-43B8-436E-9ED7-C842CC6B9C3C}
	EndGlobalSection
EndGlobal
